<?xml version="1.0" encoding="utf-8"?>
<Project ToolsVersion="4.0" xmlns="http://schemas.microsoft.com/developer/msbuild/2003">
  <ItemGroup>
    <Filter Include="Source Files">
      <UniqueIdentifier>{4FC737F1-C7A5-4376-A066-2A32D752A2FF}</UniqueIdentifier>
      <Extensions>cpp;c;cc;cxx;def;odl;idl;hpj;bat;asm;asmx</Extensions>
    </Filter>
    <Filter Include="Header Files">
      <UniqueIdentifier>{93995380-89BD-4b04-88EB-625FBE52EBFB}</UniqueIdentifier>
      <Extensions>h;hh;hpp;hxx;hm;inl;inc;xsd</Extensions>
    </Filter>
    <Filter Include="Resource Files">
      <UniqueIdentifier>{67DA6AB6-F800-4c08-8B7A-83BB121AAD01}</UniqueIdentifier>
      <Extensions>rc;ico;cur;bmp;dlg;rc2;rct;bin;rgs;gif;jpg;jpeg;jpe;resx;tiff;tif;png;wav;mfcribbon-ms</Extensions>
    </Filter>
  </ItemGroup>
  <ItemGroup>
    <ClCompile Include="Main.cpp">
      <Filter>Source Files</Filter>
    </ClCompile>
    <ClCompile Include="Code\System\DXManager.cpp">
      <Filter>Source Files</Filter>
    </ClCompile>
    <ClCompile Include="Code\System\Framework.cpp">
      <Filter>Source Files</Filter>
    </ClCompile>
    <ClCompile Include="Code\DDSTextureLoader\DDSTextureLoader.cpp">
      <Filter>Source Files</Filter>
    </ClCompile>
    <ClCompile Include="Code\Utils\TexturePool.cpp">
      <Filter>Source Files</Filter>
    </ClCompile>
    <ClCompile Include="Code\Components\CameraComponent.cpp">
      <Filter>Source Files</Filter>
    </ClCompile>
    <ClCompile Include="Code\Components\FreeMoveComponent.cpp">
      <Filter>Source Files</Filter>
    </ClCompile>
    <ClCompile Include="Code\Components\LightDirectionComponent.cpp">
      <Filter>Source Files</Filter>
    </ClCompile>
    <ClCompile Include="Code\Components\LightPointComponent.cpp">
      <Filter>Source Files</Filter>
    </ClCompile>
    <ClCompile Include="Code\Components\ModelComponent.cpp">
      <Filter>Source Files</Filter>
    </ClCompile>
    <ClCompile Include="Code\Components\QuadComponent.cpp">
      <Filter>Source Files</Filter>
    </ClCompile>
    <ClCompile Include="Code\Components\TransformComponent.cpp">
      <Filter>Source Files</Filter>
    </ClCompile>
    <ClCompile Include="Code\Components\UVScrollComponent.cpp">
      <Filter>Source Files</Filter>
    </ClCompile>
    <ClCompile Include="Code\ComponentSystem\Entity.cpp">
      <Filter>Source Files</Filter>
    </ClCompile>
    <ClCompile Include="Code\ComponentSystem\IComponent.cpp">
      <Filter>Source Files</Filter>
    </ClCompile>
    <ClCompile Include="Code\ComponentSystem\World.cpp">
      <Filter>Source Files</Filter>
    </ClCompile>
    <ClCompile Include="Code\Managers\CameraManager.cpp">
      <Filter>Source Files</Filter>
    </ClCompile>
    <ClCompile Include="Code\Managers\GuiManager.cpp">
      <Filter>Source Files</Filter>
    </ClCompile>
    <ClCompile Include="Code\Managers\LightManager.cpp">
      <Filter>Source Files</Filter>
    </ClCompile>
    <ClCompile Include="Code\Utils\DebugStats.cpp">
      <Filter>Source Files</Filter>
    </ClCompile>
    <ClCompile Include="Code\Utils\Time.cpp">
      <Filter>Source Files</Filter>
    </ClCompile>
    <ClCompile Include="Code\Renderer\Mesh.cpp">
      <Filter>Source Files</Filter>
    </ClCompile>
    <ClCompile Include="Code\Renderer\Renderer.cpp">
      <Filter>Source Files</Filter>
    </ClCompile>
    <ClCompile Include="Code\Renderer\RenderToTexture.cpp">
      <Filter>Source Files</Filter>
    </ClCompile>
    <ClCompile Include="Code\Renderer\ShaderManager.cpp">
      <Filter>Source Files</Filter>
    </ClCompile>
    <ClCompile Include="Code\Renderer\SkyBox.cpp">
      <Filter>Source Files</Filter>
    </ClCompile>
    <ClCompile Include="Code\Input\Gamepad.cpp">
      <Filter>Source Files</Filter>
    </ClCompile>
    <ClCompile Include="Code\Input\Input.cpp">
      <Filter>Source Files</Filter>
    </ClCompile>
    <ClCompile Include="Code\ImGUI\imgui.cpp">
      <Filter>Source Files</Filter>
    </ClCompile>
    <ClCompile Include="Code\ImGUI\imgui_demo.cpp">
      <Filter>Source Files</Filter>
    </ClCompile>
    <ClCompile Include="Code\ImGUI\imgui_draw.cpp">
      <Filter>Source Files</Filter>
    </ClCompile>
    <ClCompile Include="Code\Renderer\GBuffer.cpp">
      <Filter>Source Files</Filter>
    </ClCompile>
    <ClCompile Include="Code\Renderer\ScreenQuad.cpp">
      <Filter>Source Files</Filter>
    </ClCompile>
    <ClCompile Include="Code\Components\ParticleSystemComponent.cpp">
      <Filter>Source Files</Filter>
    </ClCompile>
    <ClCompile Include="Code\Components\RotationComponent.cpp">
      <Filter>Source Files</Filter>
    </ClCompile>
    <ClCompile Include="Code\DataTypes\Color32.cpp">
      <Filter>Source Files</Filter>
    </ClCompile>
    <ClCompile Include="Code\System\DXBlendStates.cpp">
      <Filter>Source Files</Filter>
    </ClCompile>
    <ClCompile Include="Code\System\DXRasterizerStates.cpp">
      <Filter>Source Files</Filter>
    </ClCompile>
    <ClCompile Include="Code\System\DXDepthStencilStates.cpp">
      <Filter>Source Files</Filter>
    </ClCompile>
    <ClCompile Include="Code\System\DXSamplerStates.cpp">
      <Filter>Source Files</Filter>
    </ClCompile>
    <ClCompile Include="Code\System\HardwareProperties.cpp">
      <Filter>Source Files</Filter>
    </ClCompile>
    <ClCompile Include="Code\Utils\Window.cpp">
      <Filter>Source Files</Filter>
    </ClCompile>
    <ClCompile Include="Code\Renderer\DepthShader.cpp">
      <Filter>Source Files</Filter>
    </ClCompile>
    <ClCompile Include="Code\System\DXInputLayouts.cpp">
      <Filter>Source Files</Filter>
    </ClCompile>
    <ClCompile Include="Code\Renderer\DeferredShader.cpp">
      <Filter>Source Files</Filter>
    </ClCompile>
    <ClCompile Include="Code\Renderer\QuadShader.cpp">
      <Filter>Source Files</Filter>
    </ClCompile>
    <ClCompile Include="Code\Renderer\ParticleShader.cpp">
      <Filter>Source Files</Filter>
    </ClCompile>
    <ClCompile Include="Code\Renderer\ImGUIShader.cpp">
      <Filter>Source Files</Filter>
    </ClCompile>
    <ClCompile Include="Code\Renderer\ForwardAlphaShader.cpp">
      <Filter>Source Files</Filter>
    </ClCompile>
  </ItemGroup>
  <ItemGroup>
    <ClInclude Include="Code\System\DXManager.h">
      <Filter>Header Files</Filter>
    </ClInclude>
    <ClInclude Include="Code\System\Framework.h">
      <Filter>Header Files</Filter>
    </ClInclude>
    <ClInclude Include="Code\Utils\SystemDefs.h">
      <Filter>Header Files</Filter>
    </ClInclude>
    <ClInclude Include="Code\DDSTextureLoader\DDSTextureLoader.h">
      <Filter>Header Files</Filter>
    </ClInclude>
    <ClInclude Include="Code\Utils\TexturePool.h">
      <Filter>Header Files</Filter>
    </ClInclude>
    <ClInclude Include="Code\ComponentSystem\ComponentTypes.h">
      <Filter>Header Files</Filter>
    </ClInclude>
    <ClInclude Include="Code\ComponentSystem\Entity.h">
      <Filter>Header Files</Filter>
    </ClInclude>
    <ClInclude Include="Code\ComponentSystem\IComponent.h">
      <Filter>Header Files</Filter>
    </ClInclude>
    <ClInclude Include="Code\ComponentSystem\World.h">
      <Filter>Header Files</Filter>
    </ClInclude>
    <ClInclude Include="Code\Components\CameraComponent.h">
      <Filter>Header Files</Filter>
    </ClInclude>
    <ClInclude Include="Code\Components\FreeMoveComponent.h">
      <Filter>Header Files</Filter>
    </ClInclude>
    <ClInclude Include="Code\Components\LightDirectionComponent.h">
      <Filter>Header Files</Filter>
    </ClInclude>
    <ClInclude Include="Code\Components\LightPointComponent.h">
      <Filter>Header Files</Filter>
    </ClInclude>
    <ClInclude Include="Code\Components\ModelComponent.h">
      <Filter>Header Files</Filter>
    </ClInclude>
    <ClInclude Include="Code\Components\QuadComponent.h">
      <Filter>Header Files</Filter>
    </ClInclude>
    <ClInclude Include="Code\Components\TransformComponent.h">
      <Filter>Header Files</Filter>
    </ClInclude>
    <ClInclude Include="Code\Components\UVScrollComponent.h">
      <Filter>Header Files</Filter>
    </ClInclude>
    <ClInclude Include="Code\Managers\CameraManager.h">
      <Filter>Header Files</Filter>
    </ClInclude>
    <ClInclude Include="Code\Managers\GuiManager.h">
      <Filter>Header Files</Filter>
    </ClInclude>
    <ClInclude Include="Code\Managers\LightManager.h">
      <Filter>Header Files</Filter>
    </ClInclude>
    <ClInclude Include="Code\Utils\DebugStats.h">
      <Filter>Header Files</Filter>
    </ClInclude>
    <ClInclude Include="Code\Utils\Time.h">
      <Filter>Header Files</Filter>
    </ClInclude>
    <ClInclude Include="Code\Renderer\Mesh.h">
      <Filter>Header Files</Filter>
    </ClInclude>
    <ClInclude Include="Code\Renderer\Renderer.h">
      <Filter>Header Files</Filter>
    </ClInclude>
    <ClInclude Include="Code\Renderer\RenderToTexture.h">
      <Filter>Header Files</Filter>
    </ClInclude>
    <ClInclude Include="Code\Renderer\ShaderManager.h">
      <Filter>Header Files</Filter>
    </ClInclude>
    <ClInclude Include="Code\Renderer\SkyBox.h">
      <Filter>Header Files</Filter>
    </ClInclude>
    <ClInclude Include="Code\Input\Gamepad.h">
      <Filter>Header Files</Filter>
    </ClInclude>
    <ClInclude Include="Code\Input\Input.h">
      <Filter>Header Files</Filter>
    </ClInclude>
    <ClInclude Include="Code\ImGUI\imconfig.h">
      <Filter>Header Files</Filter>
    </ClInclude>
    <ClInclude Include="Code\ImGUI\imgui.h">
      <Filter>Header Files</Filter>
    </ClInclude>
    <ClInclude Include="Code\ImGUI\imgui_internal.h">
      <Filter>Header Files</Filter>
    </ClInclude>
    <ClInclude Include="Code\ImGUI\stb_rect_pack.h">
      <Filter>Header Files</Filter>
    </ClInclude>
    <ClInclude Include="Code\ImGUI\stb_textedit.h">
      <Filter>Header Files</Filter>
    </ClInclude>
    <ClInclude Include="Code\ImGUI\stb_truetype.h">
      <Filter>Header Files</Filter>
    </ClInclude>
    <ClInclude Include="Code\Renderer\GBuffer.h">
      <Filter>Header Files</Filter>
    </ClInclude>
    <ClInclude Include="Code\Renderer\ScreenQuad.h">
      <Filter>Header Files</Filter>
    </ClInclude>
    <ClInclude Include="Code\Components\ParticleSystemComponent.h">
      <Filter>Header Files</Filter>
    </ClInclude>
    <ClInclude Include="Code\Components\RotationComponent.h">
      <Filter>Header Files</Filter>
    </ClInclude>
    <ClInclude Include="Code\DataTypes\Color32.h">
      <Filter>Header Files</Filter>
    </ClInclude>
    <ClInclude Include="Code\System\DXBlendStates.h">
      <Filter>Header Files</Filter>
    </ClInclude>
    <ClInclude Include="Code\System\DXRasterizerStates.h">
      <Filter>Header Files</Filter>
    </ClInclude>
    <ClInclude Include="Code\System\DXDepthStencilStates.h">
      <Filter>Header Files</Filter>
    </ClInclude>
    <ClInclude Include="Code\System\DXSamplerStates.h">
      <Filter>Header Files</Filter>
    </ClInclude>
    <ClInclude Include="Code\System\HardwareProperties.h">
      <Filter>Header Files</Filter>
    </ClInclude>
    <ClInclude Include="Code\Utils\Window.h">
      <Filter>Header Files</Filter>
    </ClInclude>
    <ClInclude Include="Code\Renderer\DepthShader.h">
      <Filter>Header Files</Filter>
    </ClInclude>
    <ClInclude Include="Code\System\DXInputLayouts.h">
      <Filter>Header Files</Filter>
    </ClInclude>
    <ClInclude Include="Code\Renderer\DeferredShader.h">
      <Filter>Header Files</Filter>
    </ClInclude>
    <ClInclude Include="Code\Renderer\QuadShader.h">
      <Filter>Header Files</Filter>
    </ClInclude>
    <ClInclude Include="Code\Utils\VectorHelpers.h">
      <Filter>Header Files</Filter>
    </ClInclude>
    <ClInclude Include="Code\Renderer\ParticleShader.h">
      <Filter>Header Files</Filter>
    </ClInclude>
    <ClInclude Include="Code\Renderer\ImGUIShader.h">
      <Filter>Header Files</Filter>
    </ClInclude>
    <ClInclude Include="Code\Renderer\ForwardAlphaShader.h">
      <Filter>Header Files</Filter>
    </ClInclude>
  </ItemGroup>
</Project>