
Microsoft Visual Studio Solution File, Format Version 12.00
# Visual Studio 15
VisualStudioVersion = 15.0.26430.16
MinimumVisualStudioVersion = 10.0.40219.1
Project("{8BC9CEB8-8B4A-11D0-8D11-00A0C91BC942}") = "Engine", "Engine\Engine.vcxproj", "{F2180BD4-941A-457D-94A5-584C2E22F6CA}"
EndProject
Global
	GlobalSection(SolutionConfigurationPlatforms) = preSolution
		_DEBUG|x64 = _DEBUG|x64
		_DEBUG|x86 = _DEBUG|x86
		_RELEASE|x64 = _RELEASE|x64
		_RELEASE|x86 = _RELEASE|x86
	EndGlobalSection
	GlobalSection(ProjectConfigurationPlatforms) = postSolution
		{F2180BD4-941A-457D-94A5-584C2E22F6CA}._DEBUG|x64.ActiveCfg = Debug|x64
		{F2180BD4-941A-457D-94A5-584C2E22F6CA}._DEBUG|x64.Build.0 = Debug|x64
		{F2180BD4-941A-457D-94A5-584C2E22F6CA}._DEBUG|x86.ActiveCfg = Debug|Win32
		{F2180BD4-941A-457D-94A5-584C2E22F6CA}._DEBUG|x86.Build.0 = Debug|Win32
		{F2180BD4-941A-457D-94A5-584C2E22F6CA}._RELEASE|x64.ActiveCfg = Release|x64
		{F2180BD4-941A-457D-94A5-584C2E22F6CA}._RELEASE|x64.Build.0 = Release|x64
		{F2180BD4-941A-457D-94A5-584C2E22F6CA}._RELEASE|x86.ActiveCfg = Release|Win32
		{F2180BD4-941A-457D-94A5-584C2E22F6CA}._RELEASE|x86.Build.0 = Release|Win32
	EndGlobalSection
	GlobalSection(SolutionProperties) = preSolution
		HideSolutionNode = FALSE
	EndGlobalSection
EndGlobal
